
Microsoft Visual Studio Solution File, Format Version 12.00
# Visual Studio Version 17
VisualStudioVersion = 17.1.32414.318
MinimumVisualStudioVersion = 10.0.40219.1
Project("{FAE04EC0-301F-11D3-BF4B-00C04F79EFBC}") = "TaskManager", "TaskManager\TaskManager.csproj", "{385EDA25-6706-46F1-ABB6-CCE14A088376}"
EndProject
Global
	GlobalSection(SolutionConfigurationPlatforms) = preSolution
		Debug|Any CPU = Debug|Any CPU
		Release|Any CPU = Release|Any CPU
	EndGlobalSection
	GlobalSection(ProjectConfigurationPlatforms) = postSolution
		{385EDA25-6706-46F1-ABB6-CCE14A088376}.Debug|Any CPU.ActiveCfg = Debug|Any CPU
		{385EDA25-6706-46F1-ABB6-CCE14A088376}.Debug|Any CPU.Build.0 = Debug|Any CPU
		{385EDA25-6706-46F1-ABB6-CCE14A088376}.Release|Any CPU.ActiveCfg = Release|Any CPU
		{385EDA25-6706-46F1-ABB6-CCE14A088376}.Release|Any CPU.Build.0 = Release|Any CPU
	EndGlobalSection
	GlobalSection(SolutionProperties) = preSolution
		HideSolutionNode = FALSE
	EndGlobalSection
	GlobalSection(ExtensibilityGlobals) = postSolution
		SolutionGuid = {A23ADD52-D1CE-42EC-B1CC-72BF4DE91A91}
	EndGlobalSection
EndGlobal
